PODS:
  - Apollo (0.14.0):
    - Apollo/Core (= 0.14.0)
  - Apollo/Core (0.14.0)
  - CancelForPromiseKit (1.1.0):
    - CancelForPromiseKit/CorePromise (= 1.1.0)
    - CancelForPromiseKit/Foundation (= 1.1.0)
  - CancelForPromiseKit/CorePromise (1.1.0):
    - PromiseKit/CorePromise (~> 6.0)
  - CancelForPromiseKit/Foundation (1.1.0):
    - CancelForPromiseKit/CorePromise
    - PromiseKit/Foundation (~> 6.0)
  - PromiseKit (6.10.0):
    - PromiseKit/CorePromise (= 6.10.0)
    - PromiseKit/Foundation (= 6.10.0)
    - PromiseKit/UIKit (= 6.10.0)
  - PromiseKit/CorePromise (6.10.0)
  - PromiseKit/Foundation (6.10.0):
    - PromiseKit/CorePromise
  - PromiseKit/UIKit (6.10.0):
    - PromiseKit/CorePromise
  - RxApollo (1.0.0):
    - Apollo
    - CancelForPromiseKit
    - PromiseKit
    - RxCocoa
    - RxSwift
    - RxSwiftExt
  - RxCocoa (5.0.0):
    - RxRelay (~> 5)
    - RxSwift (~> 5)
  - RxRelay (5.0.0):
    - RxSwift (~> 5)
  - RxSwift (5.0.0)
  - RxSwiftExt (5.0.0):
    - RxSwiftExt/Core (= 5.0.0)
    - RxSwiftExt/RxCocoa (= 5.0.0)
  - RxSwiftExt/Core (5.0.0):
    - RxSwift (~> 5.0)
  - RxSwiftExt/RxCocoa (5.0.0):
    - RxCocoa (~> 5.0)
    - RxSwiftExt/Core

DEPENDENCIES:
  - RxApollo (from `../`)

SPEC REPOS:
  https://github.com/cocoapods/specs.git:
    - Apollo
    - CancelForPromiseKit
    - PromiseKit
    - RxCocoa
    - RxRelay
    - RxSwift
    - RxSwiftExt

EXTERNAL SOURCES:
  RxApollo:
    :path: "../"

SPEC CHECKSUMS:
  Apollo: 56faf8bf9452bf2fd76d9d5fdbba5a63579f5f15
  CancelForPromiseKit: 753c8798c31519ab324dad33974b7f8e4a92257b
  PromiseKit: 1fdaeb6c0a94a5114fcb814ff3d772b86886ad4e
  RxApollo: 0502da17d41f2e122dee05448ee9a94d697ba952
  RxCocoa: fcf32050ac00d801f34a7f71d5e8e7f23026dcd8
  RxRelay: 4f7409406a51a55cd88483f21ed898c234d60f18
  RxSwift: 8b0671caa829a763bbce7271095859121cbd895f
  RxSwiftExt: 4564187392cc53823ef241fa4a11647861567026

PODFILE CHECKSUM: a146dc40e9d9464ce83f8767c495bcad06b0c5e1

COCOAPODS: 1.7.5
